<?xml version="1.0" encoding="utf-8"?>
<Project ToolsVersion="4.0" xmlns="http://schemas.microsoft.com/developer/msbuild/2003">
  <ItemGroup>
    <Filter Include="Resource Files">
      <UniqueIdentifier>{D9D6E242-F8AF-46E4-B9FD-80ECBC20BA3E}</UniqueIdentifier>
      <Extensions>qrc;*</Extensions>
      <ParseFiles>false</ParseFiles>
    </Filter>
    <Filter Include="Generated Files">
      <UniqueIdentifier>{71ED8ED8-ACB9-4CE9-BBE1-E00B30144E11}</UniqueIdentifier>
      <Extensions>moc;h;cpp</Extensions>
      <SourceControlFiles>False</SourceControlFiles>
    </Filter>
    <Filter Include="Generated Files\Debug">
      <UniqueIdentifier>{8d9776f3-4c03-4561-89ea-8f9c85f87211}</UniqueIdentifier>
      <Extensions>cpp;moc</Extensions>
      <SourceControlFiles>False</SourceControlFiles>
    </Filter>
    <Filter Include="Generated Files\Release">
      <UniqueIdentifier>{dbcf1fba-ef77-41ae-8ddd-b42827b3276f}</UniqueIdentifier>
      <Extensions>cpp;moc</Extensions>
      <SourceControlFiles>False</SourceControlFiles>
    </Filter>
    <Filter Include="Ui">
      <UniqueIdentifier>{69d7be2c-ab31-4d1b-be4a-51ccdad1aca0}</UniqueIdentifier>
    </Filter>
    <Filter Include="Form Files">
      <UniqueIdentifier>{99349809-55BA-4b9d-BF79-8FDBB0286EB3}</UniqueIdentifier>
      <Extensions>ui</Extensions>
      <ParseFiles>true</ParseFiles>
    </Filter>
    <Filter Include="BLL">
      <UniqueIdentifier>{e28e9669-722b-4c5b-9894-1651e60a9484}</UniqueIdentifier>
    </Filter>
  </ItemGroup>
  <ItemGroup>
    <ClCompile Include="GeneratedFiles\qrc_jk_b5d_manager.cpp">
      <Filter>Generated Files</Filter>
    </ClCompile>
    <ClCompile Include="main.cpp" />
    <ClCompile Include="Ui\JKMainWin.cpp">
      <Filter>Ui</Filter>
    </ClCompile>
    <ClCompile Include="GeneratedFiles\Debug\moc_JKMainWin.cpp">
      <Filter>Generated Files\Debug</Filter>
    </ClCompile>
    <ClCompile Include="GeneratedFiles\Release\moc_JKMainWin.cpp">
      <Filter>Generated Files\Release</Filter>
    </ClCompile>
    <ClCompile Include="BLL\JKFileData.cpp">
      <Filter>BLL</Filter>
    </ClCompile>
    <ClCompile Include="BLL\JKFilesData.cpp">
      <Filter>BLL</Filter>
    </ClCompile>
    <ClCompile Include="Ui\JKTableModel.cpp">
      <Filter>Ui</Filter>
    </ClCompile>
    <ClCompile Include="GeneratedFiles\Debug\moc_JKTableModel.cpp">
      <Filter>Generated Files\Debug</Filter>
    </ClCompile>
    <ClCompile Include="GeneratedFiles\Release\moc_JKTableModel.cpp">
      <Filter>Generated Files\Release</Filter>
    </ClCompile>
    <ClCompile Include="Ui\JKTableDelegate.cpp">
      <Filter>Ui</Filter>
    </ClCompile>
    <ClCompile Include="GeneratedFiles\Debug\moc_JKTableDelegate.cpp">
      <Filter>Generated Files\Debug</Filter>
    </ClCompile>
    <ClCompile Include="GeneratedFiles\Release\moc_JKTableDelegate.cpp">
      <Filter>Generated Files\Release</Filter>
    </ClCompile>
  </ItemGroup>
  <ItemGroup>
    <CustomBuild Include="jk_b5d_manager.qrc">
      <Filter>Resource Files</Filter>
    </CustomBuild>
    <CustomBuild Include="Ui\JKMainWin.h">
      <Filter>Ui</Filter>
    </CustomBuild>
    <CustomBuild Include="Ui\JKMainWin.ui">
      <Filter>Ui</Filter>
    </CustomBuild>
    <CustomBuild Include="Ui\JKTableModel.h">
      <Filter>Ui</Filter>
    </CustomBuild>
    <CustomBuild Include="Ui\JKTableDelegate.h">
      <Filter>Ui</Filter>
    </CustomBuild>
  </ItemGroup>
  <ItemGroup>
    <ClInclude Include="GeneratedFiles\ui_JKMainWin.h">
      <Filter>Generated Files</Filter>
    </ClInclude>
    <ClInclude Include="BLL\JKFileData.h">
      <Filter>BLL</Filter>
    </ClInclude>
    <ClInclude Include="BLL\JKFilesData.h">
      <Filter>BLL</Filter>
    </ClInclude>
  </ItemGroup>
</Project>